// !$*UTF8*$!
{
	archiveVersion = 1;
	classes = {
	};
	objectVersion = 46;
	objects = {

/* Begin PBXBuildFile section */
		1F0556241B746DD200C05DBB /* AppDelegate.swift in Sources */ = {isa = PBXBuildFile; fileRef = 1F0556231B746DD200C05DBB /* AppDelegate.swift */; };
		1F0556261B746DD200C05DBB /* ViewController.swift in Sources */ = {isa = PBXBuildFile; fileRef = 1F0556251B746DD200C05DBB /* ViewController.swift */; };
		1F0556291B746DD200C05DBB /* Main.storyboard in Resources */ = {isa = PBXBuildFile; fileRef = 1F0556271B746DD200C05DBB /* Main.storyboard */; };
		1F05562B1B746DD200C05DBB /* Assets.xcassets in Resources */ = {isa = PBXBuildFile; fileRef = 1F05562A1B746DD200C05DBB /* Assets.xcassets */; };
		1F05562E1B746DD200C05DBB /* LaunchScreen.storyboard in Resources */ = {isa = PBXBuildFile; fileRef = 1F05562C1B746DD200C05DBB /* LaunchScreen.storyboard */; };
/* End PBXBuildFile section */

/* Begin PBXContainerItemProxy section */
		1F05563B1B746DF500C05DBB /* PBXContainerItemProxy */ = {
			isa = PBXContainerItemProxy;
			containerPortal = 1F0556351B746DF400C05DBB /* C4iOS.xcodeproj */;
			proxyType = 2;
			remoteGlobalIDString = 614F824319DB5ED3001DF1D4;
			remoteInfo = C4;
		};
		1F05563D1B746DF500C05DBB /* PBXContainerItemProxy */ = {
			isa = PBXContainerItemProxy;
			containerPortal = 1F0556351B746DF400C05DBB /* C4iOS.xcodeproj */;
			proxyType = 2;
			remoteGlobalIDString = 614F824E19DB5ED4001DF1D4;
			remoteInfo = C4Tests;
		};
		1F05563F1B746DF500C05DBB /* PBXContainerItemProxy */ = {
			isa = PBXContainerItemProxy;
			containerPortal = 1F0556351B746DF400C05DBB /* C4iOS.xcodeproj */;
			proxyType = 2;
			remoteGlobalIDString = A96F505A1B5385A5002B3A46;
			remoteInfo = C4App;
		};
/* End PBXContainerItemProxy section */

/* Begin PBXFileReference section */
		1F0556201B746DD200C05DBB /* Cosmos.app */ = {isa = PBXFileReference; explicitFileType = wrapper.application; includeInIndex = 0; path = Cosmos.app; sourceTree = BUILT_PRODUCTS_DIR; };
		1F0556231B746DD200C05DBB /* AppDelegate.swift */ = {isa = PBXFileReference; lastKnownFileType = sourcecode.swift; path = AppDelegate.swift; sourceTree = "<group>"; };
		1F0556251B746DD200C05DBB /* ViewController.swift */ = {isa = PBXFileReference; lastKnownFileType = sourcecode.swift; path = ViewController.swift; sourceTree = "<group>"; };
		1F0556281B746DD200C05DBB /* Base */ = {isa = PBXFileReference; lastKnownFileType = file.storyboard; name = Base; path = Base.lproj/Main.storyboard; sourceTree = "<group>"; };
		1F05562A1B746DD200C05DBB /* Assets.xcassets */ = {isa = PBXFileReference; lastKnownFileType = folder.assetcatalog; path = Assets.xcassets; sourceTree = "<group>"; };
		1F05562D1B746DD200C05DBB /* Base */ = {isa = PBXFileReference; lastKnownFileType = file.storyboard; name = Base; path = Base.lproj/LaunchScreen.storyboard; sourceTree = "<group>"; };
		1F05562F1B746DD200C05DBB /* Info.plist */ = {isa = PBXFileReference; lastKnownFileType = text.plist.xml; path = Info.plist; sourceTree = "<group>"; };
		1F0556351B746DF400C05DBB /* C4iOS.xcodeproj */ = {isa = PBXFileReference; lastKnownFileType = "wrapper.pb-project"; name = C4iOS.xcodeproj; path = ../../C4iOS/C4iOS.xcodeproj; sourceTree = "<group>"; };
/* End PBXFileReference section */

/* Begin PBXFrameworksBuildPhase section */
		1F05561D1B746DD200C05DBB /* Frameworks */ = {
			isa = PBXFrameworksBuildPhase;
			buildActionMask = 2147483647;
			files = (
			);
			runOnlyForDeploymentPostprocessing = 0;
		};
/* End PBXFrameworksBuildPhase section */

/* Begin PBXGroup section */
		1F0556171B746DD200C05DBB = {
			isa = PBXGroup;
			children = (
				1F0556221B746DD200C05DBB /* Cosmos */,
				1F0556211B746DD200C05DBB /* Products */,
			);
			sourceTree = "<group>";
		};
		1F0556211B746DD200C05DBB /* Products */ = {
			isa = PBXGroup;
			children = (
				1F0556201B746DD200C05DBB /* Cosmos.app */,
			);
			name = Products;
			sourceTree = "<group>";
		};
		1F0556221B746DD200C05DBB /* Cosmos */ = {
			isa = PBXGroup;
			children = (
				1F0556231B746DD200C05DBB /* AppDelegate.swift */,
				1F0556251B746DD200C05DBB /* ViewController.swift */,
				1F0556271B746DD200C05DBB /* Main.storyboard */,
				1F05562A1B746DD200C05DBB /* Assets.xcassets */,
				1F05562C1B746DD200C05DBB /* LaunchScreen.storyboard */,
				1F05562F1B746DD200C05DBB /* Info.plist */,
				1F0556351B746DF400C05DBB /* C4iOS.xcodeproj */,
			);
			path = Cosmos;
			sourceTree = "<group>";
		};
		1F0556361B746DF400C05DBB /* Products */ = {
			isa = PBXGroup;
			children = (
				1F05563C1B746DF500C05DBB /* C4.framework */,
				1F05563E1B746DF500C05DBB /* C4Tests.xctest */,
				1F0556401B746DF500C05DBB /* C4App.app */,
			);
			name = Products;
			sourceTree = "<group>";
		};
/* End PBXGroup section */

/* Begin PBXNativeTarget section */
		1F05561F1B746DD200C05DBB /* Cosmos */ = {
			isa = PBXNativeTarget;
			buildConfigurationList = 1F0556321B746DD200C05DBB /* Build configuration list for PBXNativeTarget "Cosmos" */;
			buildPhases = (
				1F05561C1B746DD200C05DBB /* Sources */,
				1F05561D1B746DD200C05DBB /* Frameworks */,
				1F05561E1B746DD200C05DBB /* Resources */,
			);
			buildRules = (
			);
			dependencies = (
			);
			name = Cosmos;
			productName = Cosmos;
			productReference = 1F0556201B746DD200C05DBB /* Cosmos.app */;
			productType = "com.apple.product-type.application";
		};
/* End PBXNativeTarget section */

/* Begin PBXProject section */
		1F0556181B746DD200C05DBB /* Project object */ = {
			isa = PBXProject;
			attributes = {
				LastUpgradeCheck = 0700;
				ORGANIZATIONNAME = C4;
				TargetAttributes = {
					1F05561F1B746DD200C05DBB = {
						CreatedOnToolsVersion = 7.0;
					};
				};
			};
			buildConfigurationList = 1F05561B1B746DD200C05DBB /* Build configuration list for PBXProject "Cosmos" */;
			compatibilityVersion = "Xcode 3.2";
			developmentRegion = English;
			hasScannedForEncodings = 0;
			knownRegions = (
				en,
				Base,
			);
			mainGroup = 1F0556171B746DD200C05DBB;
			productRefGroup = 1F0556211B746DD200C05DBB /* Products */;
			projectDirPath = "";
			projectReferences = (
				{
					ProductGroup = 1F0556361B746DF400C05DBB /* Products */;
					ProjectRef = 1F0556351B746DF400C05DBB /* C4iOS.xcodeproj */;
				},
			);
			projectRoot = "";
			targets = (
				1F05561F1B746DD200C05DBB /* Cosmos */,
			);
		};
/* End PBXProject section */

/* Begin PBXReferenceProxy section */
		1F05563C1B746DF500C05DBB /* C4.framework */ = {
			isa = PBXReferenceProxy;
			fileType = wrapper.framework;
			path = C4.framework;
			remoteRef = 1F05563B1B746DF500C05DBB /* PBXContainerItemProxy */;
			sourceTree = BUILT_PRODUCTS_DIR;
		};
		1F05563E1B746DF500C05DBB /* C4Tests.xctest */ = {
			isa = PBXReferenceProxy;
			fileType = wrapper.cfbundle;
			path = C4Tests.xctest;
			remoteRef = 1F05563D1B746DF500C05DBB /* PBXContainerItemProxy */;
			sourceTree = BUILT_PRODUCTS_DIR;
		};
		1F0556401B746DF500C05DBB /* C4App.app */ = {
			isa = PBXReferenceProxy;
			fileType = wrapper.application;
			path = C4App.app;
			remoteRef = 1F05563F1B746DF500C05DBB /* PBXContainerItemProxy */;
			sourceTree = BUILT_PRODUCTS_DIR;
		};
/* End PBXReferenceProxy section */

/* Begin PBXResourcesBuildPhase section */
		1F05561E1B746DD200C05DBB /* Resources */ = {
			isa = PBXResourcesBuildPhase;
			buildActionMask = 2147483647;
			files = (
				1F05562E1B746DD200C05DBB /* LaunchScreen.storyboard in Resources */,
				1F05562B1B746DD200C05DBB /* Assets.xcassets in Resources */,
				1F0556291B746DD200C05DBB /* Main.storyboard in Resources */,
			);
			runOnlyForDeploymentPostprocessing = 0;
		};
/* End PBXResourcesBuildPhase section */

/* Begin PBXSourcesBuildPhase section */
		1F05561C1B746DD200C05DBB /* Sources */ = {
			isa = PBXSourcesBuildPhase;
			buildActionMask = 2147483647;
			files = (
				1F0556261B746DD200C05DBB /* ViewController.swift in Sources */,
				1F0556241B746DD200C05DBB /* AppDelegate.swift in Sources */,
			);
			runOnlyForDeploymentPostprocessing = 0;
		};
/* End PBXSourcesBuildPhase section */

/* Begin PBXVariantGroup section */
		1F0556271B746DD200C05DBB /* Main.storyboard */ = {
			isa = PBXVariantGroup;
			children = (
				1F0556281B746DD200C05DBB /* Base */,
			);
			name = Main.storyboard;
			sourceTree = "<group>";
		};
		1F05562C1B746DD200C05DBB /* LaunchScreen.storyboard */ = {
			isa = PBXVariantGroup;
			children = (
				1F05562D1B746DD200C05DBB /* Base */,
			);
			name = LaunchScreen.storyboard;
			sourceTree = "<group>";
		};
/* End PBXVariantGroup section */

/* Begin XCBuildConfiguration section */
		1F0556301B746DD200C05DBB /* Debug */ = {
			isa = XCBuildConfiguration;
			buildSettings = {
				ALWAYS_SEARCH_USER_PATHS = NO;
				CLANG_CXX_LANGUAGE_STANDARD = "gnu++0x";
				CLANG_CXX_LIBRARY = "libc++";
				CLANG_ENABLE_MODULES = YES;
				CLANG_ENABLE_OBJC_ARC = YES;
				CLANG_WARN_BOOL_CONVERSION = YES;
				CLANG_WARN_CONSTANT_CONVERSION = YES;
				CLANG_WARN_DIRECT_OBJC_ISA_USAGE = YES_ERROR;
				CLANG_WARN_EMPTY_BODY = YES;
				CLANG_WARN_ENUM_CONVERSION = YES;
				CLANG_WARN_INT_CONVERSION = YES;
				CLANG_WARN_OBJC_ROOT_CLASS = YES_ERROR;
				CLANG_WARN_UNREACHABLE_CODE = YES;
				CLANG_WARN__DUPLICATE_METHOD_MATCH = YES;
				"CODE_SIGN_IDENTITY[sdk=iphoneos*]" = "iPhone Developer";
				COPY_PHASE_STRIP = NO;
				DEBUG_INFORMATION_FORMAT = dwarf;
				ENABLE_STRICT_OBJC_MSGSEND = YES;
				ENABLE_TESTABILITY = YES;
				GCC_C_LANGUAGE_STANDARD = gnu99;
				GCC_DYNAMIC_NO_PIC = NO;
				GCC_NO_COMMON_BLOCKS = YES;
				GCC_OPTIMIZATION_LEVEL = 0;
				GCC_PREPROCESSOR_DEFINITIONS = (
					"DEBUG=1",
					"$(inherited)",
				);
				GCC_WARN_64_TO_32_BIT_CONVERSION = YES;
				GCC_WARN_ABOUT_RETURN_TYPE = YES_ERROR;
				GCC_WARN_UNDECLARED_SELECTOR = YES;
				GCC_WARN_UNINITIALIZED_AUTOS = YES_AGGRESSIVE;
				GCC_WARN_UNUSED_FUNCTION = YES;
				GCC_WARN_UNUSED_VARIABLE = YES;
				IPHONEOS_DEPLOYMENT_TARGET = 9.0;
				MTL_ENABLE_DEBUG_INFO = YES;
				ONLY_ACTIVE_ARCH = YES;
				SDKROOT = iphoneos;
				SWIFT_OPTIMIZATION_LEVEL = "-Onone";
			};
			name = Debug;
		};
		1F0556311B746DD200C05DBB /* Release */ = {
			isa = XCBuildConfiguration;
			buildSettings = {
				ALWAYS_SEARCH_USER_PATHS = NO;
				CLANG_CXX_LANGUAGE_STANDARD = "gnu++0x";
				CLANG_CXX_LIBRARY = "libc++";
				CLANG_ENABLE_MODULES = YES;
				CLANG_ENABLE_OBJC_ARC = YES;
				CLANG_WARN_BOOL_CONVERSION = YES;
				CLANG_WARN_CONSTANT_CONVERSION = YES;
				CLANG_WARN_DIRECT_OBJC_ISA_USAGE = YES_ERROR;
				CLANG_WARN_EMPTY_BODY = YES;
				CLANG_WARN_ENUM_CONVERSION = YES;
				CLANG_WARN_INT_CONVERSION = YES;
				CLANG_WARN_OBJC_ROOT_CLASS = YES_ERROR;
				CLANG_WARN_UNREACHABLE_CODE = YES;
				CLANG_WARN__DUPLICATE_METHOD_MATCH = YES;
				"CODE_SIGN_IDENTITY[sdk=iphoneos*]" = "iPhone Developer";
				COPY_PHASE_STRIP = NO;
				DEBUG_INFORMATION_FORMAT = "dwarf-with-dsym";
				ENABLE_NS_ASSERTIONS = NO;
				ENABLE_STRICT_OBJC_MSGSEND = YES;
				GCC_C_LANGUAGE_STANDARD = gnu99;
				GCC_NO_COMMON_BLOCKS = YES;
				GCC_WARN_64_TO_32_BIT_CONVERSION = YES;
				GCC_WARN_ABOUT_RETURN_TYPE = YES_ERROR;
				GCC_WARN_UNDECLARED_SELECTOR = YES;
				GCC_WARN_UNINITIALIZED_AUTOS = YES_AGGRESSIVE;
				GCC_WARN_UNUSED_FUNCTION = YES;
				GCC_WARN_UNUSED_VARIABLE = YES;
				IPHONEOS_DEPLOYMENT_TARGET = 9.0;
				MTL_ENABLE_DEBUG_INFO = NO;
				SDKROOT = iphoneos;
				VALIDATE_PRODUCT = YES;
			};
			name = Release;
		};
		1F0556331B746DD200C05DBB /* Debug */ = {
			isa = XCBuildConfiguration;
			buildSettings = {
				ASSETCATALOG_COMPILER_APPICON_NAME = AppIcon;
				INFOPLIST_FILE = Cosmos/Info.plist;
				LD_RUNPATH_SEARCH_PATHS = "$(inherited) @executable_path/Frameworks";
				PRODUCT_BUNDLE_IDENTIFIER = C4.Cosmos;
				PRODUCT_NAME = "$(TARGET_NAME)";
			};
			name = Debug;
		};
		1F0556341B746DD200C05DBB /* Release */ = {
			isa = XCBuildConfiguration;
			buildSettings = {
				ASSETCATALOG_COMPILER_APPICON_NAME = AppIcon;
				INFOPLIST_FILE = Cosmos/Info.plist;
				LD_RUNPATH_SEARCH_PATHS = "$(inherited) @executable_path/Frameworks";
				PRODUCT_BUNDLE_IDENTIFIER = C4.Cosmos;
				PRODUCT_NAME = "$(TARGET_NAME)";
			};
			name = Release;
		};
/* End XCBuildConfiguration section */

/* Begin XCConfigurationList section */
		1F05561B1B746DD200C05DBB /* Build configuration list for PBXProject "Cosmos" */ = {
			isa = XCConfigurationList;
			buildConfigurations = (
				1F0556301B746DD200C05DBB /* Debug */,
				1F0556311B746DD200C05DBB /* Release */,
			);
			defaultConfigurationIsVisible = 0;
			defaultConfigurationName = Release;
		};
		1F0556321B746DD200C05DBB /* Build configuration list for PBXNativeTarget "Cosmos" */ = {
			isa = XCConfigurationList;
			buildConfigurations = (
				1F0556331B746DD200C05DBB /* Debug */,
				1F0556341B746DD200C05DBB /* Release */,
			);
			defaultConfigurationIsVisible = 0;
		};
/* End XCConfigurationList section */
	};
	rootObject = 1F0556181B746DD200C05DBB /* Project object */;
}
