// !$*UTF8*$!
{
	archiveVersion = 1;
	classes = {
	};
	objectVersion = 46;
	objects = {

/* Begin PBXBuildFile section */
		1F0556241B746DD200C05DBB /* AppDelegate.swift in Sources */ = {isa = PBXBuildFile; fileRef = 1F0556231B746DD200C05DBB /* AppDelegate.swift */; };
		1F0556261B746DD200C05DBB /* WorkSpace.swift in Sources */ = {isa = PBXBuildFile; fileRef = 1F0556251B746DD200C05DBB /* WorkSpace.swift */; };
		1F0556291B746DD200C05DBB /* Main.storyboard in Resources */ = {isa = PBXBuildFile; fileRef = 1F0556271B746DD200C05DBB /* Main.storyboard */; };
		1F05562B1B746DD200C05DBB /* Assets.xcassets in Resources */ = {isa = PBXBuildFile; fileRef = 1F05562A1B746DD200C05DBB /* Assets.xcassets */; };
		1F05562E1B746DD200C05DBB /* LaunchScreen.storyboard in Resources */ = {isa = PBXBuildFile; fileRef = 1F05562C1B746DD200C05DBB /* LaunchScreen.storyboard */; };
		1F0556431B746EB900C05DBB /* InfiniteScrollView.swift in Sources */ = {isa = PBXBuildFile; fileRef = 1F0556421B746EB900C05DBB /* InfiniteScrollView.swift */; };
		1F56446C1BA2146C00B1955C /* Menu.swift in Sources */ = {isa = PBXBuildFile; fileRef = 1F56446B1BA2146C00B1955C /* Menu.swift */; settings = {ASSET_TAGS = (); }; };
		1F7441961B8C4F710030B671 /* AstrologicalSignProvider.swift in Sources */ = {isa = PBXBuildFile; fileRef = 1F7441951B8C4F710030B671 /* AstrologicalSignProvider.swift */; };
		1FA4388B1BC64E84001E3AFD /* menuClose.mp3 in Resources */ = {isa = PBXBuildFile; fileRef = 1FA438881BC64E84001E3AFD /* menuClose.mp3 */; settings = {ASSET_TAGS = (); }; };
		1FA4388C1BC64E84001E3AFD /* menuOpen.mp3 in Resources */ = {isa = PBXBuildFile; fileRef = 1FA438891BC64E84001E3AFD /* menuOpen.mp3 */; settings = {ASSET_TAGS = (); }; };
		1FA4388D1BC64E84001E3AFD /* tick.mp3 in Resources */ = {isa = PBXBuildFile; fileRef = 1FA4388A1BC64E84001E3AFD /* tick.mp3 */; settings = {ASSET_TAGS = (); }; };
		1FC56D651BC75FF8006155B3 /* InfoPanel.swift in Sources */ = {isa = PBXBuildFile; fileRef = 1FC56D641BC75FF8006155B3 /* InfoPanel.swift */; settings = {ASSET_TAGS = (); }; };
		1FC56D721BC798CD006155B3 /* audio1.mp3 in Resources */ = {isa = PBXBuildFile; fileRef = 1FC56D701BC798CD006155B3 /* audio1.mp3 */; settings = {ASSET_TAGS = (); }; };
		1FC56D731BC798CD006155B3 /* audio2.mp3 in Resources */ = {isa = PBXBuildFile; fileRef = 1FC56D711BC798CD006155B3 /* audio2.mp3 */; settings = {ASSET_TAGS = (); }; };
		D9CFA8871B8E4C88009325D1 /* Stars.swift in Sources */ = {isa = PBXBuildFile; fileRef = D9CFA8861B8E4C88009325D1 /* Stars.swift */; };
		D9EE08411BD6E1420058A143 /* C4Color.swift in Sources */ = {isa = PBXBuildFile; fileRef = D9EE08011BD6E1420058A143 /* C4Color.swift */; settings = {ASSET_TAGS = (); }; };
		D9EE08421BD6E1420058A143 /* C4EventSource.swift in Sources */ = {isa = PBXBuildFile; fileRef = D9EE08021BD6E1420058A143 /* C4EventSource.swift */; settings = {ASSET_TAGS = (); }; };
		D9EE08431BD6E1420058A143 /* C4Foundation.swift in Sources */ = {isa = PBXBuildFile; fileRef = D9EE08031BD6E1420058A143 /* C4Foundation.swift */; settings = {ASSET_TAGS = (); }; };
		D9EE08441BD6E1420058A143 /* C4Math.swift in Sources */ = {isa = PBXBuildFile; fileRef = D9EE08041BD6E1420058A143 /* C4Math.swift */; settings = {ASSET_TAGS = (); }; };
		D9EE08451BD6E1420058A143 /* C4Path.swift in Sources */ = {isa = PBXBuildFile; fileRef = D9EE08051BD6E1420058A143 /* C4Path.swift */; settings = {ASSET_TAGS = (); }; };
		D9EE08461BD6E1420058A143 /* C4Point.swift in Sources */ = {isa = PBXBuildFile; fileRef = D9EE08061BD6E1420058A143 /* C4Point.swift */; settings = {ASSET_TAGS = (); }; };
		D9EE08471BD6E1420058A143 /* C4Rect.swift in Sources */ = {isa = PBXBuildFile; fileRef = D9EE08071BD6E1420058A143 /* C4Rect.swift */; settings = {ASSET_TAGS = (); }; };
		D9EE08481BD6E1420058A143 /* C4Size.swift in Sources */ = {isa = PBXBuildFile; fileRef = D9EE08081BD6E1420058A143 /* C4Size.swift */; settings = {ASSET_TAGS = (); }; };
		D9EE08491BD6E1420058A143 /* C4Transform.swift in Sources */ = {isa = PBXBuildFile; fileRef = D9EE08091BD6E1420058A143 /* C4Transform.swift */; settings = {ASSET_TAGS = (); }; };
		D9EE084A1BD6E1420058A143 /* C4Vector.swift in Sources */ = {isa = PBXBuildFile; fileRef = D9EE080A1BD6E1420058A143 /* C4Vector.swift */; settings = {ASSET_TAGS = (); }; };
		D9EE084B1BD6E1420058A143 /* C4Bloom.swift in Sources */ = {isa = PBXBuildFile; fileRef = D9EE080C1BD6E1420058A143 /* C4Bloom.swift */; settings = {ASSET_TAGS = (); }; };
		D9EE084C1BD6E1420058A143 /* C4Checkerboard.swift in Sources */ = {isa = PBXBuildFile; fileRef = D9EE080D1BD6E1420058A143 /* C4Checkerboard.swift */; settings = {ASSET_TAGS = (); }; };
		D9EE084D1BD6E1420058A143 /* C4ColorBurn.swift in Sources */ = {isa = PBXBuildFile; fileRef = D9EE080E1BD6E1420058A143 /* C4ColorBurn.swift */; settings = {ASSET_TAGS = (); }; };
		D9EE084E1BD6E1420058A143 /* C4DotScreen.swift in Sources */ = {isa = PBXBuildFile; fileRef = D9EE080F1BD6E1420058A143 /* C4DotScreen.swift */; settings = {ASSET_TAGS = (); }; };
		D9EE084F1BD6E1420058A143 /* C4GaussianBlur.swift in Sources */ = {isa = PBXBuildFile; fileRef = D9EE08101BD6E1420058A143 /* C4GaussianBlur.swift */; settings = {ASSET_TAGS = (); }; };
		D9EE08501BD6E1420058A143 /* C4HueAdjust.swift in Sources */ = {isa = PBXBuildFile; fileRef = D9EE08111BD6E1420058A143 /* C4HueAdjust.swift */; settings = {ASSET_TAGS = (); }; };
		D9EE08511BD6E1420058A143 /* C4LinearGradient.swift in Sources */ = {isa = PBXBuildFile; fileRef = D9EE08121BD6E1420058A143 /* C4LinearGradient.swift */; settings = {ASSET_TAGS = (); }; };
		D9EE08521BD6E1420058A143 /* C4Sepia.swift in Sources */ = {isa = PBXBuildFile; fileRef = D9EE08131BD6E1420058A143 /* C4Sepia.swift */; settings = {ASSET_TAGS = (); }; };
		D9EE08531BD6E1420058A143 /* C4Sharpen.swift in Sources */ = {isa = PBXBuildFile; fileRef = D9EE08141BD6E1420058A143 /* C4Sharpen.swift */; settings = {ASSET_TAGS = (); }; };
		D9EE08541BD6E1420058A143 /* C4Twirl.swift in Sources */ = {isa = PBXBuildFile; fileRef = D9EE08151BD6E1420058A143 /* C4Twirl.swift */; settings = {ASSET_TAGS = (); }; };
		D9EE08551BD6E1420058A143 /* C4Animation.swift in Sources */ = {isa = PBXBuildFile; fileRef = D9EE08171BD6E1420058A143 /* C4Animation.swift */; settings = {ASSET_TAGS = (); }; };
		D9EE08561BD6E1420058A143 /* C4Arc.swift in Sources */ = {isa = PBXBuildFile; fileRef = D9EE08181BD6E1420058A143 /* C4Arc.swift */; settings = {ASSET_TAGS = (); }; };
		D9EE08571BD6E1420058A143 /* C4AudioPlayer.swift in Sources */ = {isa = PBXBuildFile; fileRef = D9EE08191BD6E1420058A143 /* C4AudioPlayer.swift */; settings = {ASSET_TAGS = (); }; };
		D9EE08581BD6E1420058A143 /* C4CanvasController.swift in Sources */ = {isa = PBXBuildFile; fileRef = D9EE081A1BD6E1420058A143 /* C4CanvasController.swift */; settings = {ASSET_TAGS = (); }; };
		D9EE08591BD6E1420058A143 /* C4Circle.swift in Sources */ = {isa = PBXBuildFile; fileRef = D9EE081B1BD6E1420058A143 /* C4Circle.swift */; settings = {ASSET_TAGS = (); }; };
		D9EE085A1BD6E1420058A143 /* C4Curve.swift in Sources */ = {isa = PBXBuildFile; fileRef = D9EE081C1BD6E1420058A143 /* C4Curve.swift */; settings = {ASSET_TAGS = (); }; };
		D9EE085B1BD6E1420058A143 /* C4Ellipse.swift in Sources */ = {isa = PBXBuildFile; fileRef = D9EE081D1BD6E1420058A143 /* C4Ellipse.swift */; settings = {ASSET_TAGS = (); }; };
		D9EE085C1BD6E1420058A143 /* C4Filter.swift in Sources */ = {isa = PBXBuildFile; fileRef = D9EE081E1BD6E1420058A143 /* C4Filter.swift */; settings = {ASSET_TAGS = (); }; };
		D9EE085D1BD6E1420058A143 /* C4Font.swift in Sources */ = {isa = PBXBuildFile; fileRef = D9EE081F1BD6E1420058A143 /* C4Font.swift */; settings = {ASSET_TAGS = (); }; };
		D9EE085E1BD6E1420058A143 /* C4Generator.swift in Sources */ = {isa = PBXBuildFile; fileRef = D9EE08201BD6E1420058A143 /* C4Generator.swift */; settings = {ASSET_TAGS = (); }; };
		D9EE085F1BD6E1420058A143 /* C4Gradient.swift in Sources */ = {isa = PBXBuildFile; fileRef = D9EE08211BD6E1420058A143 /* C4Gradient.swift */; settings = {ASSET_TAGS = (); }; };
		D9EE08601BD6E1420058A143 /* C4GradientLayer.swift in Sources */ = {isa = PBXBuildFile; fileRef = D9EE08221BD6E1420058A143 /* C4GradientLayer.swift */; settings = {ASSET_TAGS = (); }; };
		D9EE08611BD6E1420058A143 /* C4Image+Crop.swift in Sources */ = {isa = PBXBuildFile; fileRef = D9EE08231BD6E1420058A143 /* C4Image+Crop.swift */; settings = {ASSET_TAGS = (); }; };
		D9EE08621BD6E1420058A143 /* C4Image+Filter.swift in Sources */ = {isa = PBXBuildFile; fileRef = D9EE08241BD6E1420058A143 /* C4Image+Filter.swift */; settings = {ASSET_TAGS = (); }; };
		D9EE08631BD6E1420058A143 /* C4Image+Generator.swift in Sources */ = {isa = PBXBuildFile; fileRef = D9EE08251BD6E1420058A143 /* C4Image+Generator.swift */; settings = {ASSET_TAGS = (); }; };
		D9EE08641BD6E1420058A143 /* C4Image.swift in Sources */ = {isa = PBXBuildFile; fileRef = D9EE08261BD6E1420058A143 /* C4Image.swift */; settings = {ASSET_TAGS = (); }; };
		D9EE08651BD6E1420058A143 /* C4Line.swift in Sources */ = {isa = PBXBuildFile; fileRef = D9EE08271BD6E1420058A143 /* C4Line.swift */; settings = {ASSET_TAGS = (); }; };
		D9EE08661BD6E1420058A143 /* C4Movie.swift in Sources */ = {isa = PBXBuildFile; fileRef = D9EE08281BD6E1420058A143 /* C4Movie.swift */; settings = {ASSET_TAGS = (); }; };
		D9EE08671BD6E1420058A143 /* C4Polygon.swift in Sources */ = {isa = PBXBuildFile; fileRef = D9EE08291BD6E1420058A143 /* C4Polygon.swift */; settings = {ASSET_TAGS = (); }; };
		D9EE08681BD6E1420058A143 /* C4QuadCurve.swift in Sources */ = {isa = PBXBuildFile; fileRef = D9EE082A1BD6E1420058A143 /* C4QuadCurve.swift */; settings = {ASSET_TAGS = (); }; };
		D9EE08691BD6E1420058A143 /* C4Rectangle.swift in Sources */ = {isa = PBXBuildFile; fileRef = D9EE082B1BD6E1420058A143 /* C4Rectangle.swift */; settings = {ASSET_TAGS = (); }; };
		D9EE086A1BD6E1420058A143 /* C4RegularPolygon.swift in Sources */ = {isa = PBXBuildFile; fileRef = D9EE082C1BD6E1420058A143 /* C4RegularPolygon.swift */; settings = {ASSET_TAGS = (); }; };
		D9EE086B1BD6E1420058A143 /* C4Shape+Creation.swift in Sources */ = {isa = PBXBuildFile; fileRef = D9EE082D1BD6E1420058A143 /* C4Shape+Creation.swift */; settings = {ASSET_TAGS = (); }; };
		D9EE086C1BD6E1420058A143 /* C4Shape.swift in Sources */ = {isa = PBXBuildFile; fileRef = D9EE082E1BD6E1420058A143 /* C4Shape.swift */; settings = {ASSET_TAGS = (); }; };
		D9EE086D1BD6E1420058A143 /* C4ShapeLayer.swift in Sources */ = {isa = PBXBuildFile; fileRef = D9EE082F1BD6E1420058A143 /* C4ShapeLayer.swift */; settings = {ASSET_TAGS = (); }; };
		D9EE086E1BD6E1420058A143 /* C4Star.swift in Sources */ = {isa = PBXBuildFile; fileRef = D9EE08301BD6E1420058A143 /* C4Star.swift */; settings = {ASSET_TAGS = (); }; };
		D9EE086F1BD6E1420058A143 /* C4StoredAnimation.swift in Sources */ = {isa = PBXBuildFile; fileRef = D9EE08311BD6E1420058A143 /* C4StoredAnimation.swift */; settings = {ASSET_TAGS = (); }; };
		D9EE08701BD6E1420058A143 /* C4TextShape.swift in Sources */ = {isa = PBXBuildFile; fileRef = D9EE08321BD6E1420058A143 /* C4TextShape.swift */; settings = {ASSET_TAGS = (); }; };
		D9EE08711BD6E1420058A143 /* C4Timer.swift in Sources */ = {isa = PBXBuildFile; fileRef = D9EE08331BD6E1420058A143 /* C4Timer.swift */; settings = {ASSET_TAGS = (); }; };
		D9EE08721BD6E1420058A143 /* C4Triangle.swift in Sources */ = {isa = PBXBuildFile; fileRef = D9EE08341BD6E1420058A143 /* C4Triangle.swift */; settings = {ASSET_TAGS = (); }; };
		D9EE08731BD6E1420058A143 /* C4View+Animation.swift in Sources */ = {isa = PBXBuildFile; fileRef = D9EE08351BD6E1420058A143 /* C4View+Animation.swift */; settings = {ASSET_TAGS = (); }; };
		D9EE08741BD6E1420058A143 /* C4View+Border.swift in Sources */ = {isa = PBXBuildFile; fileRef = D9EE08361BD6E1420058A143 /* C4View+Border.swift */; settings = {ASSET_TAGS = (); }; };
		D9EE08751BD6E1420058A143 /* C4View+Shadow.swift in Sources */ = {isa = PBXBuildFile; fileRef = D9EE08371BD6E1420058A143 /* C4View+Shadow.swift */; settings = {ASSET_TAGS = (); }; };
		D9EE08761BD6E1420058A143 /* C4View.swift in Sources */ = {isa = PBXBuildFile; fileRef = D9EE08381BD6E1420058A143 /* C4View.swift */; settings = {ASSET_TAGS = (); }; };
		D9EE08771BD6E1420058A143 /* C4View+KeyValues.swift in Sources */ = {isa = PBXBuildFile; fileRef = D9EE08391BD6E1420058A143 /* C4View+KeyValues.swift */; settings = {ASSET_TAGS = (); }; };
		D9EE08781BD6E1420058A143 /* C4ViewAnimation.swift in Sources */ = {isa = PBXBuildFile; fileRef = D9EE083A1BD6E1420058A143 /* C4ViewAnimation.swift */; settings = {ASSET_TAGS = (); }; };
		D9EE08791BD6E1420058A143 /* C4Wedge.swift in Sources */ = {isa = PBXBuildFile; fileRef = D9EE083B1BD6E1420058A143 /* C4Wedge.swift */; settings = {ASSET_TAGS = (); }; };
		D9EE087A1BD6E1420058A143 /* UIGestureRecognizer+Closure.swift in Sources */ = {isa = PBXBuildFile; fileRef = D9EE083C1BD6E1420058A143 /* UIGestureRecognizer+Closure.swift */; settings = {ASSET_TAGS = (); }; };
		D9EE087B1BD6E1420058A143 /* UIViewController+C4View.swift in Sources */ = {isa = PBXBuildFile; fileRef = D9EE083D1BD6E1420058A143 /* UIViewController+C4View.swift */; settings = {ASSET_TAGS = (); }; };
		D9F39EF11BD5751600728B4B /* MenuRings.swift in Sources */ = {isa = PBXBuildFile; fileRef = D9F39EF01BD5751600728B4B /* MenuRings.swift */; settings = {ASSET_TAGS = (); }; };
		D9F39EF51BD5799D00728B4B /* MenuIcons.swift in Sources */ = {isa = PBXBuildFile; fileRef = D9F39EF41BD5799D00728B4B /* MenuIcons.swift */; settings = {ASSET_TAGS = (); }; };
		D9F39EF71BD57B0200728B4B /* MenuSelector.swift in Sources */ = {isa = PBXBuildFile; fileRef = D9F39EF61BD57B0200728B4B /* MenuSelector.swift */; settings = {ASSET_TAGS = (); }; };
		D9F39EFC1BD5802E00728B4B /* MenuShadow.swift in Sources */ = {isa = PBXBuildFile; fileRef = D9F39EFB1BD5802E00728B4B /* MenuShadow.swift */; settings = {ASSET_TAGS = (); }; };
		D9F39EFE1BD588A800728B4B /* SignLines.swift in Sources */ = {isa = PBXBuildFile; fileRef = D9F39EFD1BD588A800728B4B /* SignLines.swift */; settings = {ASSET_TAGS = (); }; };
		D9F39F001BD58CF800728B4B /* StarsBackground.swift in Sources */ = {isa = PBXBuildFile; fileRef = D9F39EFF1BD58CF800728B4B /* StarsBackground.swift */; settings = {ASSET_TAGS = (); }; };
		D9F39F021BD5901800728B4B /* StarsSmall.swift in Sources */ = {isa = PBXBuildFile; fileRef = D9F39F011BD5901800728B4B /* StarsSmall.swift */; settings = {ASSET_TAGS = (); }; };
		D9F39F041BD591FF00728B4B /* StarsBig.swift in Sources */ = {isa = PBXBuildFile; fileRef = D9F39F031BD591FF00728B4B /* StarsBig.swift */; settings = {ASSET_TAGS = (); }; };
/* End PBXBuildFile section */

/* Begin PBXCopyFilesBuildPhase section */
		1F0556491B746F1300C05DBB /* Embed Frameworks */ = {
			isa = PBXCopyFilesBuildPhase;
			buildActionMask = 2147483647;
			dstPath = "";
			dstSubfolderSpec = 10;
			files = (
			);
			name = "Embed Frameworks";
			runOnlyForDeploymentPostprocessing = 0;
		};
/* End PBXCopyFilesBuildPhase section */

/* Begin PBXFileReference section */
		1F0556201B746DD200C05DBB /* Cosmos.app */ = {isa = PBXFileReference; explicitFileType = wrapper.application; includeInIndex = 0; path = Cosmos.app; sourceTree = BUILT_PRODUCTS_DIR; };
		1F0556231B746DD200C05DBB /* AppDelegate.swift */ = {isa = PBXFileReference; lastKnownFileType = sourcecode.swift; path = AppDelegate.swift; sourceTree = "<group>"; };
		1F0556251B746DD200C05DBB /* WorkSpace.swift */ = {isa = PBXFileReference; lastKnownFileType = sourcecode.swift; path = WorkSpace.swift; sourceTree = "<group>"; };
		1F0556281B746DD200C05DBB /* Base */ = {isa = PBXFileReference; lastKnownFileType = file.storyboard; name = Base; path = Base.lproj/Main.storyboard; sourceTree = "<group>"; };
		1F05562A1B746DD200C05DBB /* Assets.xcassets */ = {isa = PBXFileReference; lastKnownFileType = folder.assetcatalog; path = Assets.xcassets; sourceTree = "<group>"; };
		1F05562D1B746DD200C05DBB /* Base */ = {isa = PBXFileReference; lastKnownFileType = file.storyboard; name = Base; path = Base.lproj/LaunchScreen.storyboard; sourceTree = "<group>"; };
		1F05562F1B746DD200C05DBB /* Info.plist */ = {isa = PBXFileReference; lastKnownFileType = text.plist.xml; path = Info.plist; sourceTree = "<group>"; };
		1F0556421B746EB900C05DBB /* InfiniteScrollView.swift */ = {isa = PBXFileReference; fileEncoding = 4; lastKnownFileType = sourcecode.swift; path = InfiniteScrollView.swift; sourceTree = "<group>"; };
		1F56446B1BA2146C00B1955C /* Menu.swift */ = {isa = PBXFileReference; fileEncoding = 4; lastKnownFileType = sourcecode.swift; path = Menu.swift; sourceTree = "<group>"; };
		1F7441951B8C4F710030B671 /* AstrologicalSignProvider.swift */ = {isa = PBXFileReference; fileEncoding = 4; lastKnownFileType = sourcecode.swift; path = AstrologicalSignProvider.swift; sourceTree = "<group>"; };
		1FA438881BC64E84001E3AFD /* menuClose.mp3 */ = {isa = PBXFileReference; lastKnownFileType = audio.mp3; path = menuClose.mp3; sourceTree = "<group>"; };
		1FA438891BC64E84001E3AFD /* menuOpen.mp3 */ = {isa = PBXFileReference; lastKnownFileType = audio.mp3; path = menuOpen.mp3; sourceTree = "<group>"; };
		1FA4388A1BC64E84001E3AFD /* tick.mp3 */ = {isa = PBXFileReference; lastKnownFileType = audio.mp3; path = tick.mp3; sourceTree = "<group>"; };
		1FC56D641BC75FF8006155B3 /* InfoPanel.swift */ = {isa = PBXFileReference; fileEncoding = 4; lastKnownFileType = sourcecode.swift; path = InfoPanel.swift; sourceTree = "<group>"; };
		1FC56D701BC798CD006155B3 /* audio1.mp3 */ = {isa = PBXFileReference; lastKnownFileType = audio.mp3; path = audio1.mp3; sourceTree = "<group>"; };
		1FC56D711BC798CD006155B3 /* audio2.mp3 */ = {isa = PBXFileReference; lastKnownFileType = audio.mp3; path = audio2.mp3; sourceTree = "<group>"; };
		D9CFA8861B8E4C88009325D1 /* Stars.swift */ = {isa = PBXFileReference; fileEncoding = 4; lastKnownFileType = sourcecode.swift; path = Stars.swift; sourceTree = "<group>"; };
		D9EE08011BD6E1420058A143 /* C4Color.swift */ = {isa = PBXFileReference; fileEncoding = 4; lastKnownFileType = sourcecode.swift; path = C4Color.swift; sourceTree = "<group>"; };
		D9EE08021BD6E1420058A143 /* C4EventSource.swift */ = {isa = PBXFileReference; fileEncoding = 4; lastKnownFileType = sourcecode.swift; path = C4EventSource.swift; sourceTree = "<group>"; };
		D9EE08031BD6E1420058A143 /* C4Foundation.swift */ = {isa = PBXFileReference; fileEncoding = 4; lastKnownFileType = sourcecode.swift; path = C4Foundation.swift; sourceTree = "<group>"; };
		D9EE08041BD6E1420058A143 /* C4Math.swift */ = {isa = PBXFileReference; fileEncoding = 4; lastKnownFileType = sourcecode.swift; path = C4Math.swift; sourceTree = "<group>"; };
		D9EE08051BD6E1420058A143 /* C4Path.swift */ = {isa = PBXFileReference; fileEncoding = 4; lastKnownFileType = sourcecode.swift; path = C4Path.swift; sourceTree = "<group>"; };
		D9EE08061BD6E1420058A143 /* C4Point.swift */ = {isa = PBXFileReference; fileEncoding = 4; lastKnownFileType = sourcecode.swift; path = C4Point.swift; sourceTree = "<group>"; };
		D9EE08071BD6E1420058A143 /* C4Rect.swift */ = {isa = PBXFileReference; fileEncoding = 4; lastKnownFileType = sourcecode.swift; path = C4Rect.swift; sourceTree = "<group>"; };
		D9EE08081BD6E1420058A143 /* C4Size.swift */ = {isa = PBXFileReference; fileEncoding = 4; lastKnownFileType = sourcecode.swift; path = C4Size.swift; sourceTree = "<group>"; };
		D9EE08091BD6E1420058A143 /* C4Transform.swift */ = {isa = PBXFileReference; fileEncoding = 4; lastKnownFileType = sourcecode.swift; path = C4Transform.swift; sourceTree = "<group>"; };
		D9EE080A1BD6E1420058A143 /* C4Vector.swift */ = {isa = PBXFileReference; fileEncoding = 4; lastKnownFileType = sourcecode.swift; path = C4Vector.swift; sourceTree = "<group>"; };
		D9EE080C1BD6E1420058A143 /* C4Bloom.swift */ = {isa = PBXFileReference; fileEncoding = 4; lastKnownFileType = sourcecode.swift; path = C4Bloom.swift; sourceTree = "<group>"; };
		D9EE080D1BD6E1420058A143 /* C4Checkerboard.swift */ = {isa = PBXFileReference; fileEncoding = 4; lastKnownFileType = sourcecode.swift; path = C4Checkerboard.swift; sourceTree = "<group>"; };
		D9EE080E1BD6E1420058A143 /* C4ColorBurn.swift */ = {isa = PBXFileReference; fileEncoding = 4; lastKnownFileType = sourcecode.swift; path = C4ColorBurn.swift; sourceTree = "<group>"; };
		D9EE080F1BD6E1420058A143 /* C4DotScreen.swift */ = {isa = PBXFileReference; fileEncoding = 4; lastKnownFileType = sourcecode.swift; path = C4DotScreen.swift; sourceTree = "<group>"; };
		D9EE08101BD6E1420058A143 /* C4GaussianBlur.swift */ = {isa = PBXFileReference; fileEncoding = 4; lastKnownFileType = sourcecode.swift; path = C4GaussianBlur.swift; sourceTree = "<group>"; };
		D9EE08111BD6E1420058A143 /* C4HueAdjust.swift */ = {isa = PBXFileReference; fileEncoding = 4; lastKnownFileType = sourcecode.swift; path = C4HueAdjust.swift; sourceTree = "<group>"; };
		D9EE08121BD6E1420058A143 /* C4LinearGradient.swift */ = {isa = PBXFileReference; fileEncoding = 4; lastKnownFileType = sourcecode.swift; path = C4LinearGradient.swift; sourceTree = "<group>"; };
		D9EE08131BD6E1420058A143 /* C4Sepia.swift */ = {isa = PBXFileReference; fileEncoding = 4; lastKnownFileType = sourcecode.swift; path = C4Sepia.swift; sourceTree = "<group>"; };
		D9EE08141BD6E1420058A143 /* C4Sharpen.swift */ = {isa = PBXFileReference; fileEncoding = 4; lastKnownFileType = sourcecode.swift; path = C4Sharpen.swift; sourceTree = "<group>"; };
		D9EE08151BD6E1420058A143 /* C4Twirl.swift */ = {isa = PBXFileReference; fileEncoding = 4; lastKnownFileType = sourcecode.swift; path = C4Twirl.swift; sourceTree = "<group>"; };
		D9EE08171BD6E1420058A143 /* C4Animation.swift */ = {isa = PBXFileReference; fileEncoding = 4; lastKnownFileType = sourcecode.swift; path = C4Animation.swift; sourceTree = "<group>"; };
		D9EE08181BD6E1420058A143 /* C4Arc.swift */ = {isa = PBXFileReference; fileEncoding = 4; lastKnownFileType = sourcecode.swift; path = C4Arc.swift; sourceTree = "<group>"; };
		D9EE08191BD6E1420058A143 /* C4AudioPlayer.swift */ = {isa = PBXFileReference; fileEncoding = 4; lastKnownFileType = sourcecode.swift; path = C4AudioPlayer.swift; sourceTree = "<group>"; };
		D9EE081A1BD6E1420058A143 /* C4CanvasController.swift */ = {isa = PBXFileReference; fileEncoding = 4; lastKnownFileType = sourcecode.swift; path = C4CanvasController.swift; sourceTree = "<group>"; };
		D9EE081B1BD6E1420058A143 /* C4Circle.swift */ = {isa = PBXFileReference; fileEncoding = 4; lastKnownFileType = sourcecode.swift; path = C4Circle.swift; sourceTree = "<group>"; };
		D9EE081C1BD6E1420058A143 /* C4Curve.swift */ = {isa = PBXFileReference; fileEncoding = 4; lastKnownFileType = sourcecode.swift; path = C4Curve.swift; sourceTree = "<group>"; };
		D9EE081D1BD6E1420058A143 /* C4Ellipse.swift */ = {isa = PBXFileReference; fileEncoding = 4; lastKnownFileType = sourcecode.swift; path = C4Ellipse.swift; sourceTree = "<group>"; };
		D9EE081E1BD6E1420058A143 /* C4Filter.swift */ = {isa = PBXFileReference; fileEncoding = 4; lastKnownFileType = sourcecode.swift; path = C4Filter.swift; sourceTree = "<group>"; };
		D9EE081F1BD6E1420058A143 /* C4Font.swift */ = {isa = PBXFileReference; fileEncoding = 4; lastKnownFileType = sourcecode.swift; path = C4Font.swift; sourceTree = "<group>"; };
		D9EE08201BD6E1420058A143 /* C4Generator.swift */ = {isa = PBXFileReference; fileEncoding = 4; lastKnownFileType = sourcecode.swift; path = C4Generator.swift; sourceTree = "<group>"; };
		D9EE08211BD6E1420058A143 /* C4Gradient.swift */ = {isa = PBXFileReference; fileEncoding = 4; lastKnownFileType = sourcecode.swift; path = C4Gradient.swift; sourceTree = "<group>"; };
		D9EE08221BD6E1420058A143 /* C4GradientLayer.swift */ = {isa = PBXFileReference; fileEncoding = 4; lastKnownFileType = sourcecode.swift; path = C4GradientLayer.swift; sourceTree = "<group>"; };
		D9EE08231BD6E1420058A143 /* C4Image+Crop.swift */ = {isa = PBXFileReference; fileEncoding = 4; lastKnownFileType = sourcecode.swift; path = "C4Image+Crop.swift"; sourceTree = "<group>"; };
		D9EE08241BD6E1420058A143 /* C4Image+Filter.swift */ = {isa = PBXFileReference; fileEncoding = 4; lastKnownFileType = sourcecode.swift; path = "C4Image+Filter.swift"; sourceTree = "<group>"; };
		D9EE08251BD6E1420058A143 /* C4Image+Generator.swift */ = {isa = PBXFileReference; fileEncoding = 4; lastKnownFileType = sourcecode.swift; path = "C4Image+Generator.swift"; sourceTree = "<group>"; };
		D9EE08261BD6E1420058A143 /* C4Image.swift */ = {isa = PBXFileReference; fileEncoding = 4; lastKnownFileType = sourcecode.swift; path = C4Image.swift; sourceTree = "<group>"; };
		D9EE08271BD6E1420058A143 /* C4Line.swift */ = {isa = PBXFileReference; fileEncoding = 4; lastKnownFileType = sourcecode.swift; path = C4Line.swift; sourceTree = "<group>"; };
		D9EE08281BD6E1420058A143 /* C4Movie.swift */ = {isa = PBXFileReference; fileEncoding = 4; lastKnownFileType = sourcecode.swift; path = C4Movie.swift; sourceTree = "<group>"; };
		D9EE08291BD6E1420058A143 /* C4Polygon.swift */ = {isa = PBXFileReference; fileEncoding = 4; lastKnownFileType = sourcecode.swift; path = C4Polygon.swift; sourceTree = "<group>"; };
		D9EE082A1BD6E1420058A143 /* C4QuadCurve.swift */ = {isa = PBXFileReference; fileEncoding = 4; lastKnownFileType = sourcecode.swift; path = C4QuadCurve.swift; sourceTree = "<group>"; };
		D9EE082B1BD6E1420058A143 /* C4Rectangle.swift */ = {isa = PBXFileReference; fileEncoding = 4; lastKnownFileType = sourcecode.swift; path = C4Rectangle.swift; sourceTree = "<group>"; };
		D9EE082C1BD6E1420058A143 /* C4RegularPolygon.swift */ = {isa = PBXFileReference; fileEncoding = 4; lastKnownFileType = sourcecode.swift; path = C4RegularPolygon.swift; sourceTree = "<group>"; };
		D9EE082D1BD6E1420058A143 /* C4Shape+Creation.swift */ = {isa = PBXFileReference; fileEncoding = 4; lastKnownFileType = sourcecode.swift; path = "C4Shape+Creation.swift"; sourceTree = "<group>"; };
		D9EE082E1BD6E1420058A143 /* C4Shape.swift */ = {isa = PBXFileReference; fileEncoding = 4; lastKnownFileType = sourcecode.swift; path = C4Shape.swift; sourceTree = "<group>"; };
		D9EE082F1BD6E1420058A143 /* C4ShapeLayer.swift */ = {isa = PBXFileReference; fileEncoding = 4; lastKnownFileType = sourcecode.swift; path = C4ShapeLayer.swift; sourceTree = "<group>"; };
		D9EE08301BD6E1420058A143 /* C4Star.swift */ = {isa = PBXFileReference; fileEncoding = 4; lastKnownFileType = sourcecode.swift; path = C4Star.swift; sourceTree = "<group>"; };
		D9EE08311BD6E1420058A143 /* C4StoredAnimation.swift */ = {isa = PBXFileReference; fileEncoding = 4; lastKnownFileType = sourcecode.swift; path = C4StoredAnimation.swift; sourceTree = "<group>"; };
		D9EE08321BD6E1420058A143 /* C4TextShape.swift */ = {isa = PBXFileReference; fileEncoding = 4; lastKnownFileType = sourcecode.swift; path = C4TextShape.swift; sourceTree = "<group>"; };
		D9EE08331BD6E1420058A143 /* C4Timer.swift */ = {isa = PBXFileReference; fileEncoding = 4; lastKnownFileType = sourcecode.swift; path = C4Timer.swift; sourceTree = "<group>"; };
		D9EE08341BD6E1420058A143 /* C4Triangle.swift */ = {isa = PBXFileReference; fileEncoding = 4; lastKnownFileType = sourcecode.swift; path = C4Triangle.swift; sourceTree = "<group>"; };
		D9EE08351BD6E1420058A143 /* C4View+Animation.swift */ = {isa = PBXFileReference; fileEncoding = 4; lastKnownFileType = sourcecode.swift; path = "C4View+Animation.swift"; sourceTree = "<group>"; };
		D9EE08361BD6E1420058A143 /* C4View+Border.swift */ = {isa = PBXFileReference; fileEncoding = 4; lastKnownFileType = sourcecode.swift; path = "C4View+Border.swift"; sourceTree = "<group>"; };
		D9EE08371BD6E1420058A143 /* C4View+Shadow.swift */ = {isa = PBXFileReference; fileEncoding = 4; lastKnownFileType = sourcecode.swift; path = "C4View+Shadow.swift"; sourceTree = "<group>"; };
		D9EE08381BD6E1420058A143 /* C4View.swift */ = {isa = PBXFileReference; fileEncoding = 4; lastKnownFileType = sourcecode.swift; path = C4View.swift; sourceTree = "<group>"; };
		D9EE08391BD6E1420058A143 /* C4View+KeyValues.swift */ = {isa = PBXFileReference; fileEncoding = 4; lastKnownFileType = sourcecode.swift; path = "C4View+KeyValues.swift"; sourceTree = "<group>"; };
		D9EE083A1BD6E1420058A143 /* C4ViewAnimation.swift */ = {isa = PBXFileReference; fileEncoding = 4; lastKnownFileType = sourcecode.swift; path = C4ViewAnimation.swift; sourceTree = "<group>"; };
		D9EE083B1BD6E1420058A143 /* C4Wedge.swift */ = {isa = PBXFileReference; fileEncoding = 4; lastKnownFileType = sourcecode.swift; path = C4Wedge.swift; sourceTree = "<group>"; };
		D9EE083C1BD6E1420058A143 /* UIGestureRecognizer+Closure.swift */ = {isa = PBXFileReference; fileEncoding = 4; lastKnownFileType = sourcecode.swift; path = "UIGestureRecognizer+Closure.swift"; sourceTree = "<group>"; };
		D9EE083D1BD6E1420058A143 /* UIViewController+C4View.swift */ = {isa = PBXFileReference; fileEncoding = 4; lastKnownFileType = sourcecode.swift; path = "UIViewController+C4View.swift"; sourceTree = "<group>"; };
		D9F39EF01BD5751600728B4B /* MenuRings.swift */ = {isa = PBXFileReference; fileEncoding = 4; lastKnownFileType = sourcecode.swift; path = MenuRings.swift; sourceTree = "<group>"; };
		D9F39EF41BD5799D00728B4B /* MenuIcons.swift */ = {isa = PBXFileReference; fileEncoding = 4; lastKnownFileType = sourcecode.swift; path = MenuIcons.swift; sourceTree = "<group>"; };
		D9F39EF61BD57B0200728B4B /* MenuSelector.swift */ = {isa = PBXFileReference; fileEncoding = 4; lastKnownFileType = sourcecode.swift; path = MenuSelector.swift; sourceTree = "<group>"; };
		D9F39EFB1BD5802E00728B4B /* MenuShadow.swift */ = {isa = PBXFileReference; fileEncoding = 4; lastKnownFileType = sourcecode.swift; path = MenuShadow.swift; sourceTree = "<group>"; };
		D9F39EFD1BD588A800728B4B /* SignLines.swift */ = {isa = PBXFileReference; fileEncoding = 4; lastKnownFileType = sourcecode.swift; path = SignLines.swift; sourceTree = "<group>"; };
		D9F39EFF1BD58CF800728B4B /* StarsBackground.swift */ = {isa = PBXFileReference; fileEncoding = 4; lastKnownFileType = sourcecode.swift; path = StarsBackground.swift; sourceTree = "<group>"; };
		D9F39F011BD5901800728B4B /* StarsSmall.swift */ = {isa = PBXFileReference; fileEncoding = 4; lastKnownFileType = sourcecode.swift; path = StarsSmall.swift; sourceTree = "<group>"; };
		D9F39F031BD591FF00728B4B /* StarsBig.swift */ = {isa = PBXFileReference; fileEncoding = 4; lastKnownFileType = sourcecode.swift; path = StarsBig.swift; sourceTree = "<group>"; };
/* End PBXFileReference section */

/* Begin PBXFrameworksBuildPhase section */
		1F05561D1B746DD200C05DBB /* Frameworks */ = {
			isa = PBXFrameworksBuildPhase;
			buildActionMask = 2147483647;
			files = (
			);
			runOnlyForDeploymentPostprocessing = 0;
		};
/* End PBXFrameworksBuildPhase section */

/* Begin PBXGroup section */
		1F0556171B746DD200C05DBB = {
			isa = PBXGroup;
			children = (
				1F0556221B746DD200C05DBB /* Cosmos */,
				1F0556211B746DD200C05DBB /* Products */,
			);
			sourceTree = "<group>";
		};
		1F0556211B746DD200C05DBB /* Products */ = {
			isa = PBXGroup;
			children = (
				1F0556201B746DD200C05DBB /* Cosmos.app */,
			);
			name = Products;
			sourceTree = "<group>";
		};
		1F0556221B746DD200C05DBB /* Cosmos */ = {
			isa = PBXGroup;
			children = (
				1F0556251B746DD200C05DBB /* WorkSpace.swift */,
				1F7441951B8C4F710030B671 /* AstrologicalSignProvider.swift */,
				1F0556421B746EB900C05DBB /* InfiniteScrollView.swift */,
				1FC56D641BC75FF8006155B3 /* InfoPanel.swift */,
				D9F39EFA1BD57F7E00728B4B /* Menu */,
				D9F39F051BD599BF00728B4B /* Background */,
				D973488F1BD5BE2600BAC7D4 /* Audio */,
				1F05562A1B746DD200C05DBB /* Assets.xcassets */,
				D9EE083F1BD6E1420058A143 /* C4 */,
				D9EE07FC1BD6E1050058A143 /* Other Files */,
			);
			path = Cosmos;
			sourceTree = "<group>";
		};
		D973488F1BD5BE2600BAC7D4 /* Audio */ = {
			isa = PBXGroup;
			children = (
				1FA438881BC64E84001E3AFD /* menuClose.mp3 */,
				1FA438891BC64E84001E3AFD /* menuOpen.mp3 */,
				1FA4388A1BC64E84001E3AFD /* tick.mp3 */,
				1FC56D701BC798CD006155B3 /* audio1.mp3 */,
				1FC56D711BC798CD006155B3 /* audio2.mp3 */,
			);
			name = Audio;
			sourceTree = "<group>";
		};
		D9EE07FC1BD6E1050058A143 /* Other Files */ = {
			isa = PBXGroup;
			children = (
				1F0556231B746DD200C05DBB /* AppDelegate.swift */,
				1F0556271B746DD200C05DBB /* Main.storyboard */,
				1F05562C1B746DD200C05DBB /* LaunchScreen.storyboard */,
				1F05562F1B746DD200C05DBB /* Info.plist */,
			);
			name = "Other Files";
			sourceTree = "<group>";
		};
		D9EE080B1BD6E1420058A143 /* Core */ = {
			isa = PBXGroup;
			children = (
				D9EE08011BD6E1420058A143 /* C4Color.swift */,
				D9EE08021BD6E1420058A143 /* C4EventSource.swift */,
				D9EE08031BD6E1420058A143 /* C4Foundation.swift */,
				D9EE08041BD6E1420058A143 /* C4Math.swift */,
				D9EE08051BD6E1420058A143 /* C4Path.swift */,
				D9EE08061BD6E1420058A143 /* C4Point.swift */,
				D9EE08071BD6E1420058A143 /* C4Rect.swift */,
				D9EE08081BD6E1420058A143 /* C4Size.swift */,
				D9EE08091BD6E1420058A143 /* C4Transform.swift */,
				D9EE080A1BD6E1420058A143 /* C4Vector.swift */,
			);
			path = Core;
			sourceTree = "<group>";
		};
		D9EE08161BD6E1420058A143 /* Filters */ = {
			isa = PBXGroup;
			children = (
				D9EE080C1BD6E1420058A143 /* C4Bloom.swift */,
				D9EE080D1BD6E1420058A143 /* C4Checkerboard.swift */,
				D9EE080E1BD6E1420058A143 /* C4ColorBurn.swift */,
				D9EE080F1BD6E1420058A143 /* C4DotScreen.swift */,
				D9EE08101BD6E1420058A143 /* C4GaussianBlur.swift */,
				D9EE08111BD6E1420058A143 /* C4HueAdjust.swift */,
				D9EE08121BD6E1420058A143 /* C4LinearGradient.swift */,
				D9EE08131BD6E1420058A143 /* C4Sepia.swift */,
				D9EE08141BD6E1420058A143 /* C4Sharpen.swift */,
				D9EE08151BD6E1420058A143 /* C4Twirl.swift */,
			);
			path = Filters;
			sourceTree = "<group>";
		};
		D9EE083E1BD6E1420058A143 /* UI */ = {
			isa = PBXGroup;
			children = (
				D9EE08161BD6E1420058A143 /* Filters */,
				D9EE08171BD6E1420058A143 /* C4Animation.swift */,
				D9EE08181BD6E1420058A143 /* C4Arc.swift */,
				D9EE08191BD6E1420058A143 /* C4AudioPlayer.swift */,
				D9EE081A1BD6E1420058A143 /* C4CanvasController.swift */,
				D9EE081B1BD6E1420058A143 /* C4Circle.swift */,
				D9EE081C1BD6E1420058A143 /* C4Curve.swift */,
				D9EE081D1BD6E1420058A143 /* C4Ellipse.swift */,
				D9EE081E1BD6E1420058A143 /* C4Filter.swift */,
				D9EE081F1BD6E1420058A143 /* C4Font.swift */,
				D9EE08201BD6E1420058A143 /* C4Generator.swift */,
				D9EE08211BD6E1420058A143 /* C4Gradient.swift */,
				D9EE08221BD6E1420058A143 /* C4GradientLayer.swift */,
				D9EE08231BD6E1420058A143 /* C4Image+Crop.swift */,
				D9EE08241BD6E1420058A143 /* C4Image+Filter.swift */,
				D9EE08251BD6E1420058A143 /* C4Image+Generator.swift */,
				D9EE08261BD6E1420058A143 /* C4Image.swift */,
				D9EE08271BD6E1420058A143 /* C4Line.swift */,
				D9EE08281BD6E1420058A143 /* C4Movie.swift */,
				D9EE08291BD6E1420058A143 /* C4Polygon.swift */,
				D9EE082A1BD6E1420058A143 /* C4QuadCurve.swift */,
				D9EE082B1BD6E1420058A143 /* C4Rectangle.swift */,
				D9EE082C1BD6E1420058A143 /* C4RegularPolygon.swift */,
				D9EE082D1BD6E1420058A143 /* C4Shape+Creation.swift */,
				D9EE082E1BD6E1420058A143 /* C4Shape.swift */,
				D9EE082F1BD6E1420058A143 /* C4ShapeLayer.swift */,
				D9EE08301BD6E1420058A143 /* C4Star.swift */,
				D9EE08311BD6E1420058A143 /* C4StoredAnimation.swift */,
				D9EE08321BD6E1420058A143 /* C4TextShape.swift */,
				D9EE08331BD6E1420058A143 /* C4Timer.swift */,
				D9EE08341BD6E1420058A143 /* C4Triangle.swift */,
				D9EE08351BD6E1420058A143 /* C4View+Animation.swift */,
				D9EE08361BD6E1420058A143 /* C4View+Border.swift */,
				D9EE08371BD6E1420058A143 /* C4View+Shadow.swift */,
				D9EE08381BD6E1420058A143 /* C4View.swift */,
				D9EE08391BD6E1420058A143 /* C4View+KeyValues.swift */,
				D9EE083A1BD6E1420058A143 /* C4ViewAnimation.swift */,
				D9EE083B1BD6E1420058A143 /* C4Wedge.swift */,
				D9EE083C1BD6E1420058A143 /* UIGestureRecognizer+Closure.swift */,
				D9EE083D1BD6E1420058A143 /* UIViewController+C4View.swift */,
			);
			path = UI;
			sourceTree = "<group>";
		};
		D9EE083F1BD6E1420058A143 /* C4 */ = {
			isa = PBXGroup;
			children = (
				D9EE080B1BD6E1420058A143 /* Core */,
				D9EE083E1BD6E1420058A143 /* UI */,
			);
			name = C4;
			path = ../../C4iOS/C4;
			sourceTree = "<group>";
		};
		D9F39EFA1BD57F7E00728B4B /* Menu */ = {
			isa = PBXGroup;
			children = (
				1F56446B1BA2146C00B1955C /* Menu.swift */,
				D9F39EF01BD5751600728B4B /* MenuRings.swift */,
				D9F39EF41BD5799D00728B4B /* MenuIcons.swift */,
				D9F39EF61BD57B0200728B4B /* MenuSelector.swift */,
				D9F39EFB1BD5802E00728B4B /* MenuShadow.swift */,
			);
			name = Menu;
			sourceTree = "<group>";
		};
		D9F39F051BD599BF00728B4B /* Background */ = {
			isa = PBXGroup;
			children = (
				D9CFA8861B8E4C88009325D1 /* Stars.swift */,
				D9F39EFD1BD588A800728B4B /* SignLines.swift */,
				D9F39EFF1BD58CF800728B4B /* StarsBackground.swift */,
				D9F39F011BD5901800728B4B /* StarsSmall.swift */,
				D9F39F031BD591FF00728B4B /* StarsBig.swift */,
			);
			name = Background;
			sourceTree = "<group>";
		};
/* End PBXGroup section */

/* Begin PBXNativeTarget section */
		1F05561F1B746DD200C05DBB /* Cosmos */ = {
			isa = PBXNativeTarget;
			buildConfigurationList = 1F0556321B746DD200C05DBB /* Build configuration list for PBXNativeTarget "Cosmos" */;
			buildPhases = (
				1F05561C1B746DD200C05DBB /* Sources */,
				1F05561D1B746DD200C05DBB /* Frameworks */,
				1F05561E1B746DD200C05DBB /* Resources */,
				1F0556491B746F1300C05DBB /* Embed Frameworks */,
			);
			buildRules = (
			);
			dependencies = (
			);
			name = Cosmos;
			productName = Cosmos;
			productReference = 1F0556201B746DD200C05DBB /* Cosmos.app */;
			productType = "com.apple.product-type.application";
		};
/* End PBXNativeTarget section */

/* Begin PBXProject section */
		1F0556181B746DD200C05DBB /* Project object */ = {
			isa = PBXProject;
			attributes = {
				LastSwiftUpdateCheck = 0700;
				LastUpgradeCheck = 0700;
				ORGANIZATIONNAME = C4;
				TargetAttributes = {
					1F05561F1B746DD200C05DBB = {
						CreatedOnToolsVersion = 7.0;
					};
				};
			};
			buildConfigurationList = 1F05561B1B746DD200C05DBB /* Build configuration list for PBXProject "Cosmos" */;
			compatibilityVersion = "Xcode 3.2";
			developmentRegion = English;
			hasScannedForEncodings = 0;
			knownRegions = (
				en,
				Base,
			);
			mainGroup = 1F0556171B746DD200C05DBB;
			productRefGroup = 1F0556211B746DD200C05DBB /* Products */;
			projectDirPath = "";
			projectRoot = "";
			targets = (
				1F05561F1B746DD200C05DBB /* Cosmos */,
			);
		};
/* End PBXProject section */

/* Begin PBXResourcesBuildPhase section */
		1F05561E1B746DD200C05DBB /* Resources */ = {
			isa = PBXResourcesBuildPhase;
			buildActionMask = 2147483647;
			files = (
				1FA4388C1BC64E84001E3AFD /* menuOpen.mp3 in Resources */,
				1F05562E1B746DD200C05DBB /* LaunchScreen.storyboard in Resources */,
				1F05562B1B746DD200C05DBB /* Assets.xcassets in Resources */,
				1FA4388B1BC64E84001E3AFD /* menuClose.mp3 in Resources */,
				1FC56D731BC798CD006155B3 /* audio2.mp3 in Resources */,
				1F0556291B746DD200C05DBB /* Main.storyboard in Resources */,
				1FA4388D1BC64E84001E3AFD /* tick.mp3 in Resources */,
				1FC56D721BC798CD006155B3 /* audio1.mp3 in Resources */,
			);
			runOnlyForDeploymentPostprocessing = 0;
		};
/* End PBXResourcesBuildPhase section */

/* Begin PBXSourcesBuildPhase section */
		1F05561C1B746DD200C05DBB /* Sources */ = {
			isa = PBXSourcesBuildPhase;
			buildActionMask = 2147483647;
			files = (
				1F56446C1BA2146C00B1955C /* Menu.swift in Sources */,
				D9F39F041BD591FF00728B4B /* StarsBig.swift in Sources */,
				D9EE08721BD6E1420058A143 /* C4Triangle.swift in Sources */,
				D9EE08661BD6E1420058A143 /* C4Movie.swift in Sources */,
				D9EE08581BD6E1420058A143 /* C4CanvasController.swift in Sources */,
				D9EE08421BD6E1420058A143 /* C4EventSource.swift in Sources */,
				D9EE084E1BD6E1420058A143 /* C4DotScreen.swift in Sources */,
				D9EE08431BD6E1420058A143 /* C4Foundation.swift in Sources */,
				D9EE08611BD6E1420058A143 /* C4Image+Crop.swift in Sources */,
				D9F39EF71BD57B0200728B4B /* MenuSelector.swift in Sources */,
				D9EE08701BD6E1420058A143 /* C4TextShape.swift in Sources */,
				D9EE08561BD6E1420058A143 /* C4Arc.swift in Sources */,
				D9EE08741BD6E1420058A143 /* C4View+Border.swift in Sources */,
				1F0556431B746EB900C05DBB /* InfiniteScrollView.swift in Sources */,
				D9EE087A1BD6E1420058A143 /* UIGestureRecognizer+Closure.swift in Sources */,
				D9EE08631BD6E1420058A143 /* C4Image+Generator.swift in Sources */,
				D9F39F001BD58CF800728B4B /* StarsBackground.swift in Sources */,
				D9EE08591BD6E1420058A143 /* C4Circle.swift in Sources */,
				D9EE08751BD6E1420058A143 /* C4View+Shadow.swift in Sources */,
				D9EE085B1BD6E1420058A143 /* C4Ellipse.swift in Sources */,
				D9F39EF11BD5751600728B4B /* MenuRings.swift in Sources */,
				D9EE08441BD6E1420058A143 /* C4Math.swift in Sources */,
				1F7441961B8C4F710030B671 /* AstrologicalSignProvider.swift in Sources */,
				D9EE08641BD6E1420058A143 /* C4Image.swift in Sources */,
				D9EE08571BD6E1420058A143 /* C4AudioPlayer.swift in Sources */,
				D9F39EF51BD5799D00728B4B /* MenuIcons.swift in Sources */,
				D9EE084F1BD6E1420058A143 /* C4GaussianBlur.swift in Sources */,
				D9EE084C1BD6E1420058A143 /* C4Checkerboard.swift in Sources */,
				D9EE08521BD6E1420058A143 /* C4Sepia.swift in Sources */,
				D9EE08691BD6E1420058A143 /* C4Rectangle.swift in Sources */,
				D9EE08451BD6E1420058A143 /* C4Path.swift in Sources */,
				D9EE08681BD6E1420058A143 /* C4QuadCurve.swift in Sources */,
				D9EE08531BD6E1420058A143 /* C4Sharpen.swift in Sources */,
				D9EE086A1BD6E1420058A143 /* C4RegularPolygon.swift in Sources */,
				1F0556261B746DD200C05DBB /* WorkSpace.swift in Sources */,
				D9EE086D1BD6E1420058A143 /* C4ShapeLayer.swift in Sources */,
				D9EE08711BD6E1420058A143 /* C4Timer.swift in Sources */,
				D9EE08781BD6E1420058A143 /* C4ViewAnimation.swift in Sources */,
				D9CFA8871B8E4C88009325D1 /* Stars.swift in Sources */,
				D9EE08511BD6E1420058A143 /* C4LinearGradient.swift in Sources */,
				D9EE085D1BD6E1420058A143 /* C4Font.swift in Sources */,
				D9EE08601BD6E1420058A143 /* C4GradientLayer.swift in Sources */,
				D9EE08671BD6E1420058A143 /* C4Polygon.swift in Sources */,
				D9EE08621BD6E1420058A143 /* C4Image+Filter.swift in Sources */,
				D9F39EFC1BD5802E00728B4B /* MenuShadow.swift in Sources */,
				D9EE08461BD6E1420058A143 /* C4Point.swift in Sources */,
				D9EE085F1BD6E1420058A143 /* C4Gradient.swift in Sources */,
				D9EE084A1BD6E1420058A143 /* C4Vector.swift in Sources */,
				1FC56D651BC75FF8006155B3 /* InfoPanel.swift in Sources */,
				D9EE086F1BD6E1420058A143 /* C4StoredAnimation.swift in Sources */,
				D9EE08761BD6E1420058A143 /* C4View.swift in Sources */,
				D9EE084B1BD6E1420058A143 /* C4Bloom.swift in Sources */,
				D9EE08791BD6E1420058A143 /* C4Wedge.swift in Sources */,
				D9EE08501BD6E1420058A143 /* C4HueAdjust.swift in Sources */,
				D9EE087B1BD6E1420058A143 /* UIViewController+C4View.swift in Sources */,
				D9EE08541BD6E1420058A143 /* C4Twirl.swift in Sources */,
				D9EE08551BD6E1420058A143 /* C4Animation.swift in Sources */,
				D9EE086B1BD6E1420058A143 /* C4Shape+Creation.swift in Sources */,
				D9EE085A1BD6E1420058A143 /* C4Curve.swift in Sources */,
				D9F39F021BD5901800728B4B /* StarsSmall.swift in Sources */,
				D9EE085E1BD6E1420058A143 /* C4Generator.swift in Sources */,
				D9EE086E1BD6E1420058A143 /* C4Star.swift in Sources */,
				D9EE085C1BD6E1420058A143 /* C4Filter.swift in Sources */,
				D9EE086C1BD6E1420058A143 /* C4Shape.swift in Sources */,
				D9F39EFE1BD588A800728B4B /* SignLines.swift in Sources */,
				D9EE08771BD6E1420058A143 /* C4View+KeyValues.swift in Sources */,
				D9EE08731BD6E1420058A143 /* C4View+Animation.swift in Sources */,
				D9EE08481BD6E1420058A143 /* C4Size.swift in Sources */,
				D9EE08651BD6E1420058A143 /* C4Line.swift in Sources */,
				D9EE08411BD6E1420058A143 /* C4Color.swift in Sources */,
				D9EE08471BD6E1420058A143 /* C4Rect.swift in Sources */,
				D9EE084D1BD6E1420058A143 /* C4ColorBurn.swift in Sources */,
				1F0556241B746DD200C05DBB /* AppDelegate.swift in Sources */,
				D9EE08491BD6E1420058A143 /* C4Transform.swift in Sources */,
			);
			runOnlyForDeploymentPostprocessing = 0;
		};
/* End PBXSourcesBuildPhase section */

/* Begin PBXVariantGroup section */
		1F0556271B746DD200C05DBB /* Main.storyboard */ = {
			isa = PBXVariantGroup;
			children = (
				1F0556281B746DD200C05DBB /* Base */,
			);
			name = Main.storyboard;
			sourceTree = "<group>";
		};
		1F05562C1B746DD200C05DBB /* LaunchScreen.storyboard */ = {
			isa = PBXVariantGroup;
			children = (
				1F05562D1B746DD200C05DBB /* Base */,
			);
			name = LaunchScreen.storyboard;
			sourceTree = "<group>";
		};
/* End PBXVariantGroup section */

/* Begin XCBuildConfiguration section */
		1F0556301B746DD200C05DBB /* Debug */ = {
			isa = XCBuildConfiguration;
			buildSettings = {
				ALWAYS_SEARCH_USER_PATHS = NO;
				CLANG_CXX_LANGUAGE_STANDARD = "gnu++0x";
				CLANG_CXX_LIBRARY = "libc++";
				CLANG_ENABLE_MODULES = YES;
				CLANG_ENABLE_OBJC_ARC = YES;
				CLANG_WARN_BOOL_CONVERSION = YES;
				CLANG_WARN_CONSTANT_CONVERSION = YES;
				CLANG_WARN_DIRECT_OBJC_ISA_USAGE = YES_ERROR;
				CLANG_WARN_EMPTY_BODY = YES;
				CLANG_WARN_ENUM_CONVERSION = YES;
				CLANG_WARN_INT_CONVERSION = YES;
				CLANG_WARN_OBJC_ROOT_CLASS = YES_ERROR;
				CLANG_WARN_UNREACHABLE_CODE = YES;
				CLANG_WARN__DUPLICATE_METHOD_MATCH = YES;
				"CODE_SIGN_IDENTITY[sdk=iphoneos*]" = "iPhone Developer";
				COPY_PHASE_STRIP = NO;
				DEBUG_INFORMATION_FORMAT = dwarf;
				ENABLE_STRICT_OBJC_MSGSEND = YES;
				ENABLE_TESTABILITY = YES;
				GCC_C_LANGUAGE_STANDARD = gnu99;
				GCC_DYNAMIC_NO_PIC = NO;
				GCC_NO_COMMON_BLOCKS = YES;
				GCC_OPTIMIZATION_LEVEL = 0;
				GCC_PREPROCESSOR_DEFINITIONS = (
					"DEBUG=1",
					"$(inherited)",
				);
				GCC_WARN_64_TO_32_BIT_CONVERSION = YES;
				GCC_WARN_ABOUT_RETURN_TYPE = YES_ERROR;
				GCC_WARN_UNDECLARED_SELECTOR = YES;
				GCC_WARN_UNINITIALIZED_AUTOS = YES_AGGRESSIVE;
				GCC_WARN_UNUSED_FUNCTION = YES;
				GCC_WARN_UNUSED_VARIABLE = YES;
				IPHONEOS_DEPLOYMENT_TARGET = 9.0;
				MTL_ENABLE_DEBUG_INFO = YES;
				ONLY_ACTIVE_ARCH = YES;
				SDKROOT = iphoneos;
				SWIFT_OPTIMIZATION_LEVEL = "-Onone";
			};
			name = Debug;
		};
		1F0556311B746DD200C05DBB /* Release */ = {
			isa = XCBuildConfiguration;
			buildSettings = {
				ALWAYS_SEARCH_USER_PATHS = NO;
				CLANG_CXX_LANGUAGE_STANDARD = "gnu++0x";
				CLANG_CXX_LIBRARY = "libc++";
				CLANG_ENABLE_MODULES = YES;
				CLANG_ENABLE_OBJC_ARC = YES;
				CLANG_WARN_BOOL_CONVERSION = YES;
				CLANG_WARN_CONSTANT_CONVERSION = YES;
				CLANG_WARN_DIRECT_OBJC_ISA_USAGE = YES_ERROR;
				CLANG_WARN_EMPTY_BODY = YES;
				CLANG_WARN_ENUM_CONVERSION = YES;
				CLANG_WARN_INT_CONVERSION = YES;
				CLANG_WARN_OBJC_ROOT_CLASS = YES_ERROR;
				CLANG_WARN_UNREACHABLE_CODE = YES;
				CLANG_WARN__DUPLICATE_METHOD_MATCH = YES;
				"CODE_SIGN_IDENTITY[sdk=iphoneos*]" = "iPhone Developer";
				COPY_PHASE_STRIP = NO;
				DEBUG_INFORMATION_FORMAT = "dwarf-with-dsym";
				ENABLE_NS_ASSERTIONS = NO;
				ENABLE_STRICT_OBJC_MSGSEND = YES;
				GCC_C_LANGUAGE_STANDARD = gnu99;
				GCC_NO_COMMON_BLOCKS = YES;
				GCC_WARN_64_TO_32_BIT_CONVERSION = YES;
				GCC_WARN_ABOUT_RETURN_TYPE = YES_ERROR;
				GCC_WARN_UNDECLARED_SELECTOR = YES;
				GCC_WARN_UNINITIALIZED_AUTOS = YES_AGGRESSIVE;
				GCC_WARN_UNUSED_FUNCTION = YES;
				GCC_WARN_UNUSED_VARIABLE = YES;
				IPHONEOS_DEPLOYMENT_TARGET = 9.0;
				MTL_ENABLE_DEBUG_INFO = NO;
				SDKROOT = iphoneos;
				VALIDATE_PRODUCT = YES;
			};
			name = Release;
		};
		1F0556331B746DD200C05DBB /* Debug */ = {
			isa = XCBuildConfiguration;
			buildSettings = {
				ASSETCATALOG_COMPILER_APPICON_NAME = AppIcon;
				EMBEDDED_CONTENT_CONTAINS_SWIFT = YES;
				INFOPLIST_FILE = Cosmos/Info.plist;
				IPHONEOS_DEPLOYMENT_TARGET = 8.4;
				LD_RUNPATH_SEARCH_PATHS = "$(inherited) @executable_path/Frameworks";
				PRODUCT_BUNDLE_IDENTIFIER = C4.Cosmos;
				PRODUCT_NAME = "$(TARGET_NAME)";
			};
			name = Debug;
		};
		1F0556341B746DD200C05DBB /* Release */ = {
			isa = XCBuildConfiguration;
			buildSettings = {
				ASSETCATALOG_COMPILER_APPICON_NAME = AppIcon;
				EMBEDDED_CONTENT_CONTAINS_SWIFT = YES;
				INFOPLIST_FILE = Cosmos/Info.plist;
				IPHONEOS_DEPLOYMENT_TARGET = 8.4;
				LD_RUNPATH_SEARCH_PATHS = "$(inherited) @executable_path/Frameworks";
				PRODUCT_BUNDLE_IDENTIFIER = C4.Cosmos;
				PRODUCT_NAME = "$(TARGET_NAME)";
			};
			name = Release;
		};
/* End XCBuildConfiguration section */

/* Begin XCConfigurationList section */
		1F05561B1B746DD200C05DBB /* Build configuration list for PBXProject "Cosmos" */ = {
			isa = XCConfigurationList;
			buildConfigurations = (
				1F0556301B746DD200C05DBB /* Debug */,
				1F0556311B746DD200C05DBB /* Release */,
			);
			defaultConfigurationIsVisible = 0;
			defaultConfigurationName = Release;
		};
		1F0556321B746DD200C05DBB /* Build configuration list for PBXNativeTarget "Cosmos" */ = {
			isa = XCConfigurationList;
			buildConfigurations = (
				1F0556331B746DD200C05DBB /* Debug */,
				1F0556341B746DD200C05DBB /* Release */,
			);
			defaultConfigurationIsVisible = 0;
			defaultConfigurationName = Release;
		};
/* End XCConfigurationList section */
	};
	rootObject = 1F0556181B746DD200C05DBB /* Project object */;
}
